
Microsoft Visual Studio Solution File, Format Version 12.00
# Visual Studio Version 16
VisualStudioVersion = 16.0.29728.190
MinimumVisualStudioVersion = 10.0.40219.1
Project("{9A19103F-16F7-4668-BE54-9A1E7A4F7556}") = "OpvangKalender.Model", "OpvangKalenderModel\OpvangKalender.Model.csproj", "{931311E6-224E-4012-B42A-28CCEC444357}"
EndProject
Project("{9A19103F-16F7-4668-BE54-9A1E7A4F7556}") = "OpvangKalender.Repo", "OpvangKalenderRepo\OpvangKalender.Repo.csproj", "{1CC1AFF1-78ED-4515-8E54-D0271382D938}"
EndProject
Project("{9A19103F-16F7-4668-BE54-9A1E7A4F7556}") = "OpvangKalender.Contracts", "OpvangKalenderContracts\OpvangKalender.Contracts.csproj", "{A2BEB09E-0A04-4632-ACB1-0A173BF66BCC}"
EndProject
Project("{9A19103F-16F7-4668-BE54-9A1E7A4F7556}") = "OpvangKalender.Site", "OpvangKalender.Site\OpvangKalender.Site.csproj", "{32B15DAE-61BE-475E-895E-2DE4DB613936}"
EndProject
Project("{FAE04EC0-301F-11D3-BF4B-00C04F79EFBC}") = "OpvangKalender.WebSite", "OpvangKalender.WebSite\OpvangKalender.WebSite.csproj", "{E0F2EEF3-703C-4F32-9F32-FB5ACBE0BCF7}"
EndProject
Global
	GlobalSection(SolutionConfigurationPlatforms) = preSolution
		Debug|Any CPU = Debug|Any CPU
		Debug|x64 = Debug|x64
		Debug|x86 = Debug|x86
		Release|Any CPU = Release|Any CPU
		Release|x64 = Release|x64
		Release|x86 = Release|x86
	EndGlobalSection
	GlobalSection(ProjectConfigurationPlatforms) = postSolution
		{931311E6-224E-4012-B42A-28CCEC444357}.Debug|Any CPU.ActiveCfg = Debug|Any CPU
		{931311E6-224E-4012-B42A-28CCEC444357}.Debug|Any CPU.Build.0 = Debug|Any CPU
		{931311E6-224E-4012-B42A-28CCEC444357}.Debug|x64.ActiveCfg = Debug|Any CPU
		{931311E6-224E-4012-B42A-28CCEC444357}.Debug|x64.Build.0 = Debug|Any CPU
		{931311E6-224E-4012-B42A-28CCEC444357}.Debug|x86.ActiveCfg = Debug|Any CPU
		{931311E6-224E-4012-B42A-28CCEC444357}.Debug|x86.Build.0 = Debug|Any CPU
		{931311E6-224E-4012-B42A-28CCEC444357}.Release|Any CPU.ActiveCfg = Release|Any CPU
		{931311E6-224E-4012-B42A-28CCEC444357}.Release|Any CPU.Build.0 = Release|Any CPU
		{931311E6-224E-4012-B42A-28CCEC444357}.Release|x64.ActiveCfg = Release|Any CPU
		{931311E6-224E-4012-B42A-28CCEC444357}.Release|x64.Build.0 = Release|Any CPU
		{931311E6-224E-4012-B42A-28CCEC444357}.Release|x86.ActiveCfg = Release|Any CPU
		{931311E6-224E-4012-B42A-28CCEC444357}.Release|x86.Build.0 = Release|Any CPU
		{1CC1AFF1-78ED-4515-8E54-D0271382D938}.Debug|Any CPU.ActiveCfg = Debug|Any CPU
		{1CC1AFF1-78ED-4515-8E54-D0271382D938}.Debug|Any CPU.Build.0 = Debug|Any CPU
		{1CC1AFF1-78ED-4515-8E54-D0271382D938}.Debug|x64.ActiveCfg = Debug|Any CPU
		{1CC1AFF1-78ED-4515-8E54-D0271382D938}.Debug|x64.Build.0 = Debug|Any CPU
		{1CC1AFF1-78ED-4515-8E54-D0271382D938}.Debug|x86.ActiveCfg = Debug|Any CPU
		{1CC1AFF1-78ED-4515-8E54-D0271382D938}.Debug|x86.Build.0 = Debug|Any CPU
		{1CC1AFF1-78ED-4515-8E54-D0271382D938}.Release|Any CPU.ActiveCfg = Release|Any CPU
		{1CC1AFF1-78ED-4515-8E54-D0271382D938}.Release|Any CPU.Build.0 = Release|Any CPU
		{1CC1AFF1-78ED-4515-8E54-D0271382D938}.Release|x64.ActiveCfg = Release|Any CPU
		{1CC1AFF1-78ED-4515-8E54-D0271382D938}.Release|x64.Build.0 = Release|Any CPU
		{1CC1AFF1-78ED-4515-8E54-D0271382D938}.Release|x86.ActiveCfg = Release|Any CPU
		{1CC1AFF1-78ED-4515-8E54-D0271382D938}.Release|x86.Build.0 = Release|Any CPU
		{A2BEB09E-0A04-4632-ACB1-0A173BF66BCC}.Debug|Any CPU.ActiveCfg = Debug|Any CPU
		{A2BEB09E-0A04-4632-ACB1-0A173BF66BCC}.Debug|x64.ActiveCfg = Debug|Any CPU
		{A2BEB09E-0A04-4632-ACB1-0A173BF66BCC}.Debug|x64.Build.0 = Debug|Any CPU
		{A2BEB09E-0A04-4632-ACB1-0A173BF66BCC}.Debug|x86.ActiveCfg = Debug|Any CPU
		{A2BEB09E-0A04-4632-ACB1-0A173BF66BCC}.Debug|x86.Build.0 = Debug|Any CPU
		{A2BEB09E-0A04-4632-ACB1-0A173BF66BCC}.Release|Any CPU.ActiveCfg = Release|Any CPU
		{A2BEB09E-0A04-4632-ACB1-0A173BF66BCC}.Release|Any CPU.Build.0 = Release|Any CPU
		{A2BEB09E-0A04-4632-ACB1-0A173BF66BCC}.Release|x64.ActiveCfg = Release|Any CPU
		{A2BEB09E-0A04-4632-ACB1-0A173BF66BCC}.Release|x64.Build.0 = Release|Any CPU
		{A2BEB09E-0A04-4632-ACB1-0A173BF66BCC}.Release|x86.ActiveCfg = Release|Any CPU
		{A2BEB09E-0A04-4632-ACB1-0A173BF66BCC}.Release|x86.Build.0 = Release|Any CPU
		{32B15DAE-61BE-475E-895E-2DE4DB613936}.Debug|Any CPU.ActiveCfg = Debug|Any CPU
		{32B15DAE-61BE-475E-895E-2DE4DB613936}.Debug|Any CPU.Build.0 = Debug|Any CPU
		{32B15DAE-61BE-475E-895E-2DE4DB613936}.Debug|x64.ActiveCfg = Debug|Any CPU
		{32B15DAE-61BE-475E-895E-2DE4DB613936}.Debug|x64.Build.0 = Debug|Any CPU
		{32B15DAE-61BE-475E-895E-2DE4DB613936}.Debug|x86.ActiveCfg = Debug|Any CPU
		{32B15DAE-61BE-475E-895E-2DE4DB613936}.Debug|x86.Build.0 = Debug|Any CPU
		{32B15DAE-61BE-475E-895E-2DE4DB613936}.Release|Any CPU.ActiveCfg = Release|Any CPU
		{32B15DAE-61BE-475E-895E-2DE4DB613936}.Release|Any CPU.Build.0 = Release|Any CPU
		{32B15DAE-61BE-475E-895E-2DE4DB613936}.Release|x64.ActiveCfg = Release|Any CPU
		{32B15DAE-61BE-475E-895E-2DE4DB613936}.Release|x64.Build.0 = Release|Any CPU
		{32B15DAE-61BE-475E-895E-2DE4DB613936}.Release|x86.ActiveCfg = Release|Any CPU
		{32B15DAE-61BE-475E-895E-2DE4DB613936}.Release|x86.Build.0 = Release|Any CPU
		{E0F2EEF3-703C-4F32-9F32-FB5ACBE0BCF7}.Debug|Any CPU.ActiveCfg = Debug|Any CPU
		{E0F2EEF3-703C-4F32-9F32-FB5ACBE0BCF7}.Debug|Any CPU.Build.0 = Debug|Any CPU
		{E0F2EEF3-703C-4F32-9F32-FB5ACBE0BCF7}.Debug|x64.ActiveCfg = Debug|Any CPU
		{E0F2EEF3-703C-4F32-9F32-FB5ACBE0BCF7}.Debug|x64.Build.0 = Debug|Any CPU
		{E0F2EEF3-703C-4F32-9F32-FB5ACBE0BCF7}.Debug|x86.ActiveCfg = Debug|Any CPU
		{E0F2EEF3-703C-4F32-9F32-FB5ACBE0BCF7}.Debug|x86.Build.0 = Debug|Any CPU
		{E0F2EEF3-703C-4F32-9F32-FB5ACBE0BCF7}.Release|Any CPU.ActiveCfg = Release|Any CPU
		{E0F2EEF3-703C-4F32-9F32-FB5ACBE0BCF7}.Release|Any CPU.Build.0 = Release|Any CPU
		{E0F2EEF3-703C-4F32-9F32-FB5ACBE0BCF7}.Release|x64.ActiveCfg = Release|Any CPU
		{E0F2EEF3-703C-4F32-9F32-FB5ACBE0BCF7}.Release|x64.Build.0 = Release|Any CPU
		{E0F2EEF3-703C-4F32-9F32-FB5ACBE0BCF7}.Release|x86.ActiveCfg = Release|Any CPU
		{E0F2EEF3-703C-4F32-9F32-FB5ACBE0BCF7}.Release|x86.Build.0 = Release|Any CPU
	EndGlobalSection
	GlobalSection(SolutionProperties) = preSolution
		HideSolutionNode = FALSE
	EndGlobalSection
	GlobalSection(ExtensibilityGlobals) = postSolution
		SolutionGuid = {4650FA11-3A50-4FF3-BF79-CFDF66CE5707}
	EndGlobalSection
EndGlobal
